{
  "object": {
    "pins": [
      {
        "package": "Just",
        "repositoryURL": "https://github.com/saeta/Just",
        "state": {
          "branch": null,
          "revision": "35dbe6823bf5f9b9bb996c1fe6c9ad9a4c59d821",
          "version": "0.7.3"
        }
      },
      {
        "package": "Path.swift",
        "repositoryURL": "https://github.com/mxcl/Path.swift",
        "state": {
          "branch": null,
          "revision": "dac007e907a4f4c565cfdc55a9ce148a761a11d5",
          "version": "0.16.3"
        }
      },
      {
        "package": "swift-argument-parser",
        "repositoryURL": "https://github.com/apple/swift-argument-parser",
        "state": {
          "branch": null,
          "revision": "9f04d1ff1afbccd02279338a2c91e5f27c45e93a",
          "version": "0.0.5"
        }
      },
      {
        "package": "SwiftAI",
        "repositoryURL": "https://github.com/zeionara/swiftai",
        "state": {
          "branch": null,
          "revision": "572e099a160a256be30c7a650cf6128534e3ba2b",
          "version": "0.6.6"
        }
      }
    ]
  },
  "version": 1
}
